{
  "name": "jsbasics",
  "lockfileVersion": 2,
  "requires": true,
  "packages": {
    "": {
      "dependencies": {
        "Math": "^0.0.1-security"
      }
    },
    "node_modules/Math": {
      "version": "0.0.1-security",
      "resolved": "https://registry.npmjs.org/Math/-/Math-0.0.1-security.tgz",
      "integrity": "sha1-BN38UmIU84ZmFOtw2eWInnDQ9Bk="
    }
  },
  "dependencies": {
    "Math": {
      "version": "0.0.1-security",
      "resolved": "https://registry.npmjs.org/Math/-/Math-0.0.1-security.tgz",
      "integrity": "sha1-BN38UmIU84ZmFOtw2eWInnDQ9Bk="
    }
  }
}
